
Microsoft Visual Studio Solution File, Format Version 12.00
# Visual Studio Version 16
VisualStudioVersion = 16.0.31402.337
MinimumVisualStudioVersion = 10.0.40219.1
Project("{9A19103F-16F7-4668-BE54-9A1E7A4F7556}") = "Implementacja_Time_TimePeriod", "Implementacja_Time_TimePeriod\Implementacja_Time_TimePeriod.csproj", "{884C0457-D383-4C76-AC5E-2C11AFBCEABC}"
EndProject
Project("{FAE04EC0-301F-11D3-BF4B-00C04F79EFBC}") = "TimeTimePeriodUnitTests", "TimeTimePeriodUnitTests\TimeTimePeriodUnitTests.csproj", "{F9B37284-973F-4C7F-B757-A4113A76E3EE}"
EndProject
Global
	GlobalSection(SolutionConfigurationPlatforms) = preSolution
		Debug|Any CPU = Debug|Any CPU
		Release|Any CPU = Release|Any CPU
	EndGlobalSection
	GlobalSection(ProjectConfigurationPlatforms) = postSolution
		{884C0457-D383-4C76-AC5E-2C11AFBCEABC}.Debug|Any CPU.ActiveCfg = Debug|Any CPU
		{884C0457-D383-4C76-AC5E-2C11AFBCEABC}.Debug|Any CPU.Build.0 = Debug|Any CPU
		{884C0457-D383-4C76-AC5E-2C11AFBCEABC}.Release|Any CPU.ActiveCfg = Release|Any CPU
		{884C0457-D383-4C76-AC5E-2C11AFBCEABC}.Release|Any CPU.Build.0 = Release|Any CPU
		{F9B37284-973F-4C7F-B757-A4113A76E3EE}.Debug|Any CPU.ActiveCfg = Debug|Any CPU
		{F9B37284-973F-4C7F-B757-A4113A76E3EE}.Debug|Any CPU.Build.0 = Debug|Any CPU
		{F9B37284-973F-4C7F-B757-A4113A76E3EE}.Release|Any CPU.ActiveCfg = Release|Any CPU
		{F9B37284-973F-4C7F-B757-A4113A76E3EE}.Release|Any CPU.Build.0 = Release|Any CPU
	EndGlobalSection
	GlobalSection(SolutionProperties) = preSolution
		HideSolutionNode = FALSE
	EndGlobalSection
	GlobalSection(ExtensibilityGlobals) = postSolution
		SolutionGuid = {071A9FAB-F127-47EE-8600-343DAF9229FE}
	EndGlobalSection
EndGlobal
